lockfileVersion: 5.3

specifiers:
  '@types/crypto-js': ^4.1.1
  '@types/js-cookie': ^3.0.1
  crypto-js: ^4.1.1
  js-cookie: ^3.0.1

dependencies:
  '@types/crypto-js': registry.npmmirror.com/@types/crypto-js/4.1.1
  crypto-js: registry.npmmirror.com/crypto-js/4.1.1

devDependencies:
  '@types/js-cookie': registry.npmmirror.com/@types/js-cookie/3.0.1
  js-cookie: registry.npmmirror.com/js-cookie/3.0.1

packages:

  registry.npmmirror.com/@types/crypto-js/4.1.1:
    resolution: {integrity: sha512-BG7fQKZ689HIoc5h+6D2Dgq1fABRa0RbBWKBd9SP/MVRVXROflpm5fhwyATX5duFmbStzyzyycPB8qUYKDH3NA==, registry: https://registry.npm.taobao.org/, tarball: https://registry.npmmirror.com/@types/crypto-js/-/crypto-js-4.1.1.tgz}
    name: '@types/crypto-js'
    version: 4.1.1
    dev: false

  registry.npmmirror.com/@types/js-cookie/3.0.1:
    resolution: {integrity: sha512-7wg/8gfHltklehP+oyJnZrz9XBuX5ZPP4zB6UsI84utdlkRYLnOm2HfpLXazTwZA+fpGn0ir8tGNgVnMEleBGQ==, registry: https://registry.npm.taobao.org/, tarball: https://registry.npmmirror.com/@types/js-cookie/-/js-cookie-3.0.1.tgz}
    name: '@types/js-cookie'
    version: 3.0.1
    dev: true

  registry.npmmirror.com/crypto-js/4.1.1:
    resolution: {integrity: sha512-o2JlM7ydqd3Qk9CA0L4NL6mTzU2sdx96a+oOfPu8Mkl/PK51vSyoi8/rQ8NknZtk44vq15lmhAj9CIAGwgeWKw==, registry: https://registry.npm.taobao.org/, tarball: https://registry.npmmirror.com/crypto-js/-/crypto-js-4.1.1.tgz}
    name: crypto-js
    version: 4.1.1
    dev: false

  registry.npmmirror.com/js-cookie/3.0.1:
    resolution: {integrity: sha512-+0rgsUXZu4ncpPxRL+lNEptWMOWl9etvPHc/koSRp6MPwpRYAhmk0dUG00J4bxVV3r9uUzfo24wW0knS07SKSw==, registry: https://registry.npm.taobao.org/, tarball: https://registry.npmmirror.com/js-cookie/-/js-cookie-3.0.1.tgz}
    name: js-cookie
    version: 3.0.1
    engines: {node: '>=12'}
    dev: true
